// !$*UTF8*$!
{
	archiveVersion = 1;
	classes = {
	};
	objectVersion = 46;
	objects = {

/* Begin PBXBuildFile section */
		2422DFA41AB41971007A50D4 /* RobTicketViewController.m in Sources */ = {isa = PBXBuildFile; fileRef = 2422DFA31AB41971007A50D4 /* RobTicketViewController.m */; };
		2422DFA81AB47A06007A50D4 /* TicketObject.m in Sources */ = {isa = PBXBuildFile; fileRef = 2422DFA71AB47A06007A50D4 /* TicketObject.m */; };
		24D826711AB2D48400121316 /* QueryTicketViewController.m in Sources */ = {isa = PBXBuildFile; fileRef = 24D826701AB2D48400121316 /* QueryTicketViewController.m */; };
		B7351CC618EA8B0900338155 /* Foundation.framework in Frameworks */ = {isa = PBXBuildFile; fileRef = B7351CC518EA8B0900338155 /* Foundation.framework */; };
		B7351CC818EA8B0900338155 /* CoreGraphics.framework in Frameworks */ = {isa = PBXBuildFile; fileRef = B7351CC718EA8B0900338155 /* CoreGraphics.framework */; };
		B7351CCA18EA8B0900338155 /* UIKit.framework in Frameworks */ = {isa = PBXBuildFile; fileRef = B7351CC918EA8B0900338155 /* UIKit.framework */; };
		B7351CCC18EA8B0900338155 /* CoreData.framework in Frameworks */ = {isa = PBXBuildFile; fileRef = B7351CCB18EA8B0900338155 /* CoreData.framework */; };
		B7351CD218EA8B0900338155 /* InfoPlist.strings in Resources */ = {isa = PBXBuildFile; fileRef = B7351CD018EA8B0900338155 /* InfoPlist.strings */; };
		B7351CD418EA8B0900338155 /* main.m in Sources */ = {isa = PBXBuildFile; fileRef = B7351CD318EA8B0900338155 /* main.m */; };
		B7351CD818EA8B0900338155 /* AppDelegate.m in Sources */ = {isa = PBXBuildFile; fileRef = B7351CD718EA8B0900338155 /* AppDelegate.m */; };
		B7351CDB18EA8B0900338155 /* TestASI.xcdatamodeld in Sources */ = {isa = PBXBuildFile; fileRef = B7351CD918EA8B0900338155 /* TestASI.xcdatamodeld */; };
		B7351CDD18EA8B0900338155 /* Images.xcassets in Resources */ = {isa = PBXBuildFile; fileRef = B7351CDC18EA8B0900338155 /* Images.xcassets */; };
		B7351CE418EA8B0900338155 /* XCTest.framework in Frameworks */ = {isa = PBXBuildFile; fileRef = B7351CE318EA8B0900338155 /* XCTest.framework */; };
		B7351CE518EA8B0900338155 /* Foundation.framework in Frameworks */ = {isa = PBXBuildFile; fileRef = B7351CC518EA8B0900338155 /* Foundation.framework */; };
		B7351CE618EA8B0900338155 /* UIKit.framework in Frameworks */ = {isa = PBXBuildFile; fileRef = B7351CC918EA8B0900338155 /* UIKit.framework */; };
		B7351CE718EA8B0900338155 /* CoreData.framework in Frameworks */ = {isa = PBXBuildFile; fileRef = B7351CCB18EA8B0900338155 /* CoreData.framework */; };
		B7351CEF18EA8B0900338155 /* InfoPlist.strings in Resources */ = {isa = PBXBuildFile; fileRef = B7351CED18EA8B0900338155 /* InfoPlist.strings */; };
		B7351CF118EA8B0900338155 /* TestASITests.m in Sources */ = {isa = PBXBuildFile; fileRef = B7351CF018EA8B0900338155 /* TestASITests.m */; };
		B7351D1118EA8B1800338155 /* ASIAuthenticationDialog.m in Sources */ = {isa = PBXBuildFile; fileRef = B7351CFC18EA8B1800338155 /* ASIAuthenticationDialog.m */; settings = {COMPILER_FLAGS = "-fno-objc-arc"; }; };
		B7351D1218EA8B1800338155 /* ASIDataCompressor.m in Sources */ = {isa = PBXBuildFile; fileRef = B7351CFF18EA8B1800338155 /* ASIDataCompressor.m */; settings = {COMPILER_FLAGS = "-fno-objc-arc"; }; };
		B7351D1318EA8B1800338155 /* ASIDataDecompressor.m in Sources */ = {isa = PBXBuildFile; fileRef = B7351D0118EA8B1800338155 /* ASIDataDecompressor.m */; settings = {COMPILER_FLAGS = "-fno-objc-arc"; }; };
		B7351D1418EA8B1800338155 /* ASIDownloadCache.m in Sources */ = {isa = PBXBuildFile; fileRef = B7351D0318EA8B1800338155 /* ASIDownloadCache.m */; settings = {COMPILER_FLAGS = "-fno-objc-arc"; }; };
		B7351D1518EA8B1800338155 /* ASIFormDataRequest.m in Sources */ = {isa = PBXBuildFile; fileRef = B7351D0518EA8B1800338155 /* ASIFormDataRequest.m */; settings = {COMPILER_FLAGS = "-fno-objc-arc"; }; };
		B7351D1618EA8B1800338155 /* ASIHTTPRequest.m in Sources */ = {isa = PBXBuildFile; fileRef = B7351D0718EA8B1800338155 /* ASIHTTPRequest.m */; settings = {COMPILER_FLAGS = "-fno-objc-arc"; }; };
		B7351D1718EA8B1800338155 /* ASIInputStream.m in Sources */ = {isa = PBXBuildFile; fileRef = B7351D0B18EA8B1800338155 /* ASIInputStream.m */; settings = {COMPILER_FLAGS = "-fno-objc-arc"; }; };
		B7351D1818EA8B1800338155 /* ASINetworkQueue.m in Sources */ = {isa = PBXBuildFile; fileRef = B7351D0D18EA8B1800338155 /* ASINetworkQueue.m */; settings = {COMPILER_FLAGS = "-fno-objc-arc"; }; };
		B7351D1918EA8B1800338155 /* Reachability.m in Sources */ = {isa = PBXBuildFile; fileRef = B7351D1018EA8B1800338155 /* Reachability.m */; settings = {COMPILER_FLAGS = "-fno-objc-arc"; }; };
		B7351D1C18EA8D7300338155 /* libz.dylib in Frameworks */ = {isa = PBXBuildFile; fileRef = B7351D1B18EA8D7300338155 /* libz.dylib */; };
		B7351D2018EA8DB100338155 /* RootViewController.m in Sources */ = {isa = PBXBuildFile; fileRef = B7351D1F18EA8DB100338155 /* RootViewController.m */; };
		B7351D2318EA904700338155 /* ReachabilityManager.m in Sources */ = {isa = PBXBuildFile; fileRef = B7351D2218EA904700338155 /* ReachabilityManager.m */; };
		B7351D2818EA9C9C00338155 /* RequestManager.m in Sources */ = {isa = PBXBuildFile; fileRef = B7351D2718EA9C9C00338155 /* RequestManager.m */; };
		B765B8D919066D6800413AAB /* NSString+MD5Addition.m in Sources */ = {isa = PBXBuildFile; fileRef = B765B8D819066D6800413AAB /* NSString+MD5Addition.m */; };
		B765B8DC19066E0800413AAB /* NSObject+NSJSONSerialization.m in Sources */ = {isa = PBXBuildFile; fileRef = B765B8DB19066E0800413AAB /* NSObject+NSJSONSerialization.m */; };
		B765B8E819079DB600413AAB /* SampleRequestManager.m in Sources */ = {isa = PBXBuildFile; fileRef = B765B8E719079DB600413AAB /* SampleRequestManager.m */; };
		B765B8EA1907AFF400413AAB /* README in Resources */ = {isa = PBXBuildFile; fileRef = B765B8E91907AFF400413AAB /* README */; };
		B7E4E5081910954900077D77 /* BrokerResponder.m in Sources */ = {isa = PBXBuildFile; fileRef = B7E4E5031910954900077D77 /* BrokerResponder.m */; };
		B7E4E5091910954900077D77 /* IMGDowloaderManager.m in Sources */ = {isa = PBXBuildFile; fileRef = B7E4E5051910954900077D77 /* IMGDowloaderManager.m */; };
		B7E4E50A1910954900077D77 /* IMGDownloaderOperation.m in Sources */ = {isa = PBXBuildFile; fileRef = B7E4E5071910954900077D77 /* IMGDownloaderOperation.m */; };
		FC0F65671B05F72800AB6BCE /* ark_station_20150127.sqlite in Resources */ = {isa = PBXBuildFile; fileRef = FC0F65661B05F72800AB6BCE /* ark_station_20150127.sqlite */; };
		FC0F65731B05FA0C00AB6BCE /* FMDatabase.m in Sources */ = {isa = PBXBuildFile; fileRef = FC0F656A1B05FA0C00AB6BCE /* FMDatabase.m */; };
		FC0F65741B05FA0C00AB6BCE /* FMDatabaseAdditions.m in Sources */ = {isa = PBXBuildFile; fileRef = FC0F656C1B05FA0C00AB6BCE /* FMDatabaseAdditions.m */; };
		FC0F65751B05FA0C00AB6BCE /* FMDatabasePool.m in Sources */ = {isa = PBXBuildFile; fileRef = FC0F656E1B05FA0C00AB6BCE /* FMDatabasePool.m */; };
		FC0F65761B05FA0C00AB6BCE /* FMDatabaseQueue.m in Sources */ = {isa = PBXBuildFile; fileRef = FC0F65701B05FA0C00AB6BCE /* FMDatabaseQueue.m */; };
		FC0F65771B05FA0C00AB6BCE /* FMResultSet.m in Sources */ = {isa = PBXBuildFile; fileRef = FC0F65721B05FA0C00AB6BCE /* FMResultSet.m */; };
		FC0F657A1B05FA3A00AB6BCE /* DBManager.m in Sources */ = {isa = PBXBuildFile; fileRef = FC0F65791B05FA3A00AB6BCE /* DBManager.m */; };
		FC100AEB1AC530DF00737E3F /* CTTrain12306VerificationCodeView.m in Sources */ = {isa = PBXBuildFile; fileRef = FC100AEA1AC530DF00737E3F /* CTTrain12306VerificationCodeView.m */; };
		FC100AED1AC5332F00737E3F /* point.png in Resources */ = {isa = PBXBuildFile; fileRef = FC100AEC1AC5332F00737E3F /* point.png */; };
		FC70AC3D1AA6C68F0013364B /* NSDictionary+Ext.m in Sources */ = {isa = PBXBuildFile; fileRef = FC70AC3C1AA6C68F0013364B /* NSDictionary+Ext.m */; };
		FC70AC461AA836740013364B /* XMLDictionary.m in Sources */ = {isa = PBXBuildFile; fileRef = FC70AC451AA836740013364B /* XMLDictionary.m */; };
		FCBD5FFE1AA0480F0091FC2A /* AFHTTPRequestOperation.m in Sources */ = {isa = PBXBuildFile; fileRef = FCBD5FD71AA0480F0091FC2A /* AFHTTPRequestOperation.m */; };
		FCBD5FFF1AA0480F0091FC2A /* AFHTTPRequestOperationManager.m in Sources */ = {isa = PBXBuildFile; fileRef = FCBD5FD91AA0480F0091FC2A /* AFHTTPRequestOperationManager.m */; };
		FCBD60001AA0480F0091FC2A /* AFURLConnectionOperation.m in Sources */ = {isa = PBXBuildFile; fileRef = FCBD5FDB1AA0480F0091FC2A /* AFURLConnectionOperation.m */; };
		FCBD60011AA0480F0091FC2A /* AFHTTPSessionManager.m in Sources */ = {isa = PBXBuildFile; fileRef = FCBD5FDE1AA0480F0091FC2A /* AFHTTPSessionManager.m */; };
		FCBD60021AA0480F0091FC2A /* AFURLSessionManager.m in Sources */ = {isa = PBXBuildFile; fileRef = FCBD5FE01AA0480F0091FC2A /* AFURLSessionManager.m */; };
		FCBD60031AA0480F0091FC2A /* AFNetworkReachabilityManager.m in Sources */ = {isa = PBXBuildFile; fileRef = FCBD5FE31AA0480F0091FC2A /* AFNetworkReachabilityManager.m */; };
		FCBD60041AA0480F0091FC2A /* AFSecurityPolicy.m in Sources */ = {isa = PBXBuildFile; fileRef = FCBD5FE61AA0480F0091FC2A /* AFSecurityPolicy.m */; };
		FCBD60051AA0480F0091FC2A /* AFURLRequestSerialization.m in Sources */ = {isa = PBXBuildFile; fileRef = FCBD5FE91AA0480F0091FC2A /* AFURLRequestSerialization.m */; };
		FCBD60061AA0480F0091FC2A /* AFURLResponseSerialization.m in Sources */ = {isa = PBXBuildFile; fileRef = FCBD5FEB1AA0480F0091FC2A /* AFURLResponseSerialization.m */; };
		FCBD60071AA0480F0091FC2A /* AFNetworkActivityIndicatorManager.m in Sources */ = {isa = PBXBuildFile; fileRef = FCBD5FEE1AA0480F0091FC2A /* AFNetworkActivityIndicatorManager.m */; };
		FCBD60081AA0480F0091FC2A /* UIActivityIndicatorView+AFNetworking.m in Sources */ = {isa = PBXBuildFile; fileRef = FCBD5FF01AA0480F0091FC2A /* UIActivityIndicatorView+AFNetworking.m */; };
		FCBD60091AA0480F0091FC2A /* UIAlertView+AFNetworking.m in Sources */ = {isa = PBXBuildFile; fileRef = FCBD5FF21AA0480F0091FC2A /* UIAlertView+AFNetworking.m */; };
		FCBD600A1AA0480F0091FC2A /* UIButton+AFNetworking.m in Sources */ = {isa = PBXBuildFile; fileRef = FCBD5FF41AA0480F0091FC2A /* UIButton+AFNetworking.m */; };
		FCBD600B1AA0480F0091FC2A /* UIImageView+AFNetworking.m in Sources */ = {isa = PBXBuildFile; fileRef = FCBD5FF61AA0480F0091FC2A /* UIImageView+AFNetworking.m */; };
		FCBD600C1AA0480F0091FC2A /* UIProgressView+AFNetworking.m in Sources */ = {isa = PBXBuildFile; fileRef = FCBD5FF91AA0480F0091FC2A /* UIProgressView+AFNetworking.m */; };
		FCBD600D1AA0480F0091FC2A /* UIRefreshControl+AFNetworking.m in Sources */ = {isa = PBXBuildFile; fileRef = FCBD5FFB1AA0480F0091FC2A /* UIRefreshControl+AFNetworking.m */; };
		FCBD600E1AA0480F0091FC2A /* UIWebView+AFNetworking.m in Sources */ = {isa = PBXBuildFile; fileRef = FCBD5FFD1AA0480F0091FC2A /* UIWebView+AFNetworking.m */; };
		FCBD601F1AA048180091FC2A /* NSArray+TYAFNetworking.m in Sources */ = {isa = PBXBuildFile; fileRef = FCBD60111AA048180091FC2A /* NSArray+TYAFNetworking.m */; };
		FCBD60201AA048180091FC2A /* NSDictionary+TYAFNetworking.m in Sources */ = {isa = PBXBuildFile; fileRef = FCBD60131AA048180091FC2A /* NSDictionary+TYAFNetworking.m */; };
		FCBD60211AA048180091FC2A /* NSURLRequest+TYAFNetworking.m in Sources */ = {isa = PBXBuildFile; fileRef = FCBD60151AA048180091FC2A /* NSURLRequest+TYAFNetworking.m */; };
		FCBD60221AA048180091FC2A /* TYAPIProxy.m in Sources */ = {isa = PBXBuildFile; fileRef = FCBD60181AA048180091FC2A /* TYAPIProxy.m */; };
		FCBD60231AA048180091FC2A /* TYRequestGenerator.m in Sources */ = {isa = PBXBuildFile; fileRef = FCBD601A1AA048180091FC2A /* TYRequestGenerator.m */; };
		FCBD60241AA048180091FC2A /* TYSignatureGenerator.m in Sources */ = {isa = PBXBuildFile; fileRef = FCBD601C1AA048180091FC2A /* TYSignatureGenerator.m */; };
		FCBD60251AA048180091FC2A /* TYURLResponse.m in Sources */ = {isa = PBXBuildFile; fileRef = FCBD601E1AA048180091FC2A /* TYURLResponse.m */; };
		FCBD60281AA049980091FC2A /* Login12306ViewController.m in Sources */ = {isa = PBXBuildFile; fileRef = FCBD60271AA049980091FC2A /* Login12306ViewController.m */; };
		FCBD602E1AA1B9FE0091FC2A /* NSData+Ext.m in Sources */ = {isa = PBXBuildFile; fileRef = FCBD602B1AA1B9FE0091FC2A /* NSData+Ext.m */; };
		FCBD602F1AA1B9FE0091FC2A /* Security.c in Sources */ = {isa = PBXBuildFile; fileRef = FCBD602C1AA1B9FE0091FC2A /* Security.c */; };
		FCBD60331AA1BDCC0091FC2A /* NSString+Ext.m in Sources */ = {isa = PBXBuildFile; fileRef = FCBD60321AA1BDCC0091FC2A /* NSString+Ext.m */; };
/* End PBXBuildFile section */

/* Begin PBXContainerItemProxy section */
		B7351CE818EA8B0900338155 /* PBXContainerItemProxy */ = {
			isa = PBXContainerItemProxy;
			containerPortal = B7351CBA18EA8B0900338155 /* Project object */;
			proxyType = 1;
			remoteGlobalIDString = B7351CC118EA8B0900338155;
			remoteInfo = TestASI;
		};
/* End PBXContainerItemProxy section */

/* Begin PBXFileReference section */
		2422DFA21AB41971007A50D4 /* RobTicketViewController.h */ = {isa = PBXFileReference; fileEncoding = 4; lastKnownFileType = sourcecode.c.h; path = RobTicketViewController.h; sourceTree = "<group>"; };
		2422DFA31AB41971007A50D4 /* RobTicketViewController.m */ = {isa = PBXFileReference; fileEncoding = 4; lastKnownFileType = sourcecode.c.objc; path = RobTicketViewController.m; sourceTree = "<group>"; };
		2422DFA61AB47A06007A50D4 /* TicketObject.h */ = {isa = PBXFileReference; fileEncoding = 4; lastKnownFileType = sourcecode.c.h; path = TicketObject.h; sourceTree = "<group>"; };
		2422DFA71AB47A06007A50D4 /* TicketObject.m */ = {isa = PBXFileReference; fileEncoding = 4; lastKnownFileType = sourcecode.c.objc; path = TicketObject.m; sourceTree = "<group>"; };
		24D8266F1AB2D48400121316 /* QueryTicketViewController.h */ = {isa = PBXFileReference; fileEncoding = 4; lastKnownFileType = sourcecode.c.h; path = QueryTicketViewController.h; sourceTree = "<group>"; };
		24D826701AB2D48400121316 /* QueryTicketViewController.m */ = {isa = PBXFileReference; fileEncoding = 4; lastKnownFileType = sourcecode.c.objc; path = QueryTicketViewController.m; sourceTree = "<group>"; };
		B7351CC218EA8B0900338155 /* TestASI.app */ = {isa = PBXFileReference; explicitFileType = wrapper.application; includeInIndex = 0; path = TestASI.app; sourceTree = BUILT_PRODUCTS_DIR; };
		B7351CC518EA8B0900338155 /* Foundation.framework */ = {isa = PBXFileReference; lastKnownFileType = wrapper.framework; name = Foundation.framework; path = System/Library/Frameworks/Foundation.framework; sourceTree = SDKROOT; };
		B7351CC718EA8B0900338155 /* CoreGraphics.framework */ = {isa = PBXFileReference; lastKnownFileType = wrapper.framework; name = CoreGraphics.framework; path = System/Library/Frameworks/CoreGraphics.framework; sourceTree = SDKROOT; };
		B7351CC918EA8B0900338155 /* UIKit.framework */ = {isa = PBXFileReference; lastKnownFileType = wrapper.framework; name = UIKit.framework; path = System/Library/Frameworks/UIKit.framework; sourceTree = SDKROOT; };
		B7351CCB18EA8B0900338155 /* CoreData.framework */ = {isa = PBXFileReference; lastKnownFileType = wrapper.framework; name = CoreData.framework; path = System/Library/Frameworks/CoreData.framework; sourceTree = SDKROOT; };
		B7351CCF18EA8B0900338155 /* TestASI-Info.plist */ = {isa = PBXFileReference; lastKnownFileType = text.plist.xml; path = "TestASI-Info.plist"; sourceTree = "<group>"; };
		B7351CD118EA8B0900338155 /* en */ = {isa = PBXFileReference; lastKnownFileType = text.plist.strings; name = en; path = en.lproj/InfoPlist.strings; sourceTree = "<group>"; };
		B7351CD318EA8B0900338155 /* main.m */ = {isa = PBXFileReference; lastKnownFileType = sourcecode.c.objc; path = main.m; sourceTree = "<group>"; };
		B7351CD518EA8B0900338155 /* TestASI-Prefix.pch */ = {isa = PBXFileReference; lastKnownFileType = sourcecode.c.h; path = "TestASI-Prefix.pch"; sourceTree = "<group>"; };
		B7351CD618EA8B0900338155 /* AppDelegate.h */ = {isa = PBXFileReference; lastKnownFileType = sourcecode.c.h; path = AppDelegate.h; sourceTree = "<group>"; };
		B7351CD718EA8B0900338155 /* AppDelegate.m */ = {isa = PBXFileReference; lastKnownFileType = sourcecode.c.objc; path = AppDelegate.m; sourceTree = "<group>"; };
		B7351CDA18EA8B0900338155 /* TestASI.xcdatamodel */ = {isa = PBXFileReference; lastKnownFileType = wrapper.xcdatamodel; path = TestASI.xcdatamodel; sourceTree = "<group>"; };
		B7351CDC18EA8B0900338155 /* Images.xcassets */ = {isa = PBXFileReference; lastKnownFileType = folder.assetcatalog; path = Images.xcassets; sourceTree = "<group>"; };
		B7351CE218EA8B0900338155 /* TestASITests.xctest */ = {isa = PBXFileReference; explicitFileType = wrapper.cfbundle; includeInIndex = 0; path = TestASITests.xctest; sourceTree = BUILT_PRODUCTS_DIR; };
		B7351CE318EA8B0900338155 /* XCTest.framework */ = {isa = PBXFileReference; lastKnownFileType = wrapper.framework; name = XCTest.framework; path = Library/Frameworks/XCTest.framework; sourceTree = DEVELOPER_DIR; };
		B7351CEC18EA8B0900338155 /* TestASITests-Info.plist */ = {isa = PBXFileReference; lastKnownFileType = text.plist.xml; path = "TestASITests-Info.plist"; sourceTree = "<group>"; };
		B7351CEE18EA8B0900338155 /* en */ = {isa = PBXFileReference; lastKnownFileType = text.plist.strings; name = en; path = en.lproj/InfoPlist.strings; sourceTree = "<group>"; };
		B7351CF018EA8B0900338155 /* TestASITests.m */ = {isa = PBXFileReference; lastKnownFileType = sourcecode.c.objc; path = TestASITests.m; sourceTree = "<group>"; };
		B7351CFB18EA8B1800338155 /* ASIAuthenticationDialog.h */ = {isa = PBXFileReference; fileEncoding = 4; lastKnownFileType = sourcecode.c.h; path = ASIAuthenticationDialog.h; sourceTree = "<group>"; };
		B7351CFC18EA8B1800338155 /* ASIAuthenticationDialog.m */ = {isa = PBXFileReference; fileEncoding = 4; lastKnownFileType = sourcecode.c.objc; path = ASIAuthenticationDialog.m; sourceTree = "<group>"; };
		B7351CFD18EA8B1800338155 /* ASICacheDelegate.h */ = {isa = PBXFileReference; fileEncoding = 4; lastKnownFileType = sourcecode.c.h; path = ASICacheDelegate.h; sourceTree = "<group>"; };
		B7351CFE18EA8B1800338155 /* ASIDataCompressor.h */ = {isa = PBXFileReference; fileEncoding = 4; lastKnownFileType = sourcecode.c.h; path = ASIDataCompressor.h; sourceTree = "<group>"; };
		B7351CFF18EA8B1800338155 /* ASIDataCompressor.m */ = {isa = PBXFileReference; fileEncoding = 4; lastKnownFileType = sourcecode.c.objc; path = ASIDataCompressor.m; sourceTree = "<group>"; };
		B7351D0018EA8B1800338155 /* ASIDataDecompressor.h */ = {isa = PBXFileReference; fileEncoding = 4; lastKnownFileType = sourcecode.c.h; path = ASIDataDecompressor.h; sourceTree = "<group>"; };
		B7351D0118EA8B1800338155 /* ASIDataDecompressor.m */ = {isa = PBXFileReference; fileEncoding = 4; lastKnownFileType = sourcecode.c.objc; path = ASIDataDecompressor.m; sourceTree = "<group>"; };
		B7351D0218EA8B1800338155 /* ASIDownloadCache.h */ = {isa = PBXFileReference; fileEncoding = 4; lastKnownFileType = sourcecode.c.h; path = ASIDownloadCache.h; sourceTree = "<group>"; };
		B7351D0318EA8B1800338155 /* ASIDownloadCache.m */ = {isa = PBXFileReference; fileEncoding = 4; lastKnownFileType = sourcecode.c.objc; path = ASIDownloadCache.m; sourceTree = "<group>"; };
		B7351D0418EA8B1800338155 /* ASIFormDataRequest.h */ = {isa = PBXFileReference; fileEncoding = 4; lastKnownFileType = sourcecode.c.h; path = ASIFormDataRequest.h; sourceTree = "<group>"; };
		B7351D0518EA8B1800338155 /* ASIFormDataRequest.m */ = {isa = PBXFileReference; fileEncoding = 4; lastKnownFileType = sourcecode.c.objc; path = ASIFormDataRequest.m; sourceTree = "<group>"; };
		B7351D0618EA8B1800338155 /* ASIHTTPRequest.h */ = {isa = PBXFileReference; fileEncoding = 4; lastKnownFileType = sourcecode.c.h; path = ASIHTTPRequest.h; sourceTree = "<group>"; };
		B7351D0718EA8B1800338155 /* ASIHTTPRequest.m */ = {isa = PBXFileReference; fileEncoding = 4; lastKnownFileType = sourcecode.c.objc; path = ASIHTTPRequest.m; sourceTree = "<group>"; };
		B7351D0818EA8B1800338155 /* ASIHTTPRequestConfig.h */ = {isa = PBXFileReference; fileEncoding = 4; lastKnownFileType = sourcecode.c.h; path = ASIHTTPRequestConfig.h; sourceTree = "<group>"; };
		B7351D0918EA8B1800338155 /* ASIHTTPRequestDelegate.h */ = {isa = PBXFileReference; fileEncoding = 4; lastKnownFileType = sourcecode.c.h; path = ASIHTTPRequestDelegate.h; sourceTree = "<group>"; };
		B7351D0A18EA8B1800338155 /* ASIInputStream.h */ = {isa = PBXFileReference; fileEncoding = 4; lastKnownFileType = sourcecode.c.h; path = ASIInputStream.h; sourceTree = "<group>"; };
		B7351D0B18EA8B1800338155 /* ASIInputStream.m */ = {isa = PBXFileReference; fileEncoding = 4; lastKnownFileType = sourcecode.c.objc; path = ASIInputStream.m; sourceTree = "<group>"; };
		B7351D0C18EA8B1800338155 /* ASINetworkQueue.h */ = {isa = PBXFileReference; fileEncoding = 4; lastKnownFileType = sourcecode.c.h; path = ASINetworkQueue.h; sourceTree = "<group>"; };
		B7351D0D18EA8B1800338155 /* ASINetworkQueue.m */ = {isa = PBXFileReference; fileEncoding = 4; lastKnownFileType = sourcecode.c.objc; path = ASINetworkQueue.m; sourceTree = "<group>"; };
		B7351D0E18EA8B1800338155 /* ASIProgressDelegate.h */ = {isa = PBXFileReference; fileEncoding = 4; lastKnownFileType = sourcecode.c.h; path = ASIProgressDelegate.h; sourceTree = "<group>"; };
		B7351D0F18EA8B1800338155 /* Reachability.h */ = {isa = PBXFileReference; fileEncoding = 4; lastKnownFileType = sourcecode.c.h; path = Reachability.h; sourceTree = "<group>"; };
		B7351D1018EA8B1800338155 /* Reachability.m */ = {isa = PBXFileReference; fileEncoding = 4; lastKnownFileType = sourcecode.c.objc; path = Reachability.m; sourceTree = "<group>"; };
		B7351D1B18EA8D7300338155 /* libz.dylib */ = {isa = PBXFileReference; lastKnownFileType = "compiled.mach-o.dylib"; name = libz.dylib; path = usr/lib/libz.dylib; sourceTree = SDKROOT; };
		B7351D1E18EA8DB100338155 /* RootViewController.h */ = {isa = PBXFileReference; fileEncoding = 4; lastKnownFileType = sourcecode.c.h; path = RootViewController.h; sourceTree = "<group>"; };
		B7351D1F18EA8DB100338155 /* RootViewController.m */ = {isa = PBXFileReference; fileEncoding = 4; lastKnownFileType = sourcecode.c.objc; path = RootViewController.m; sourceTree = "<group>"; };
		B7351D2118EA904700338155 /* ReachabilityManager.h */ = {isa = PBXFileReference; fileEncoding = 4; lastKnownFileType = sourcecode.c.h; path = ReachabilityManager.h; sourceTree = "<group>"; };
		B7351D2218EA904700338155 /* ReachabilityManager.m */ = {isa = PBXFileReference; fileEncoding = 4; lastKnownFileType = sourcecode.c.objc; path = ReachabilityManager.m; sourceTree = "<group>"; };
		B7351D2618EA9C9C00338155 /* RequestManager.h */ = {isa = PBXFileReference; fileEncoding = 4; lastKnownFileType = sourcecode.c.h; path = RequestManager.h; sourceTree = "<group>"; };
		B7351D2718EA9C9C00338155 /* RequestManager.m */ = {isa = PBXFileReference; fileEncoding = 4; lastKnownFileType = sourcecode.c.objc; path = RequestManager.m; sourceTree = "<group>"; };
		B765B8D719066D6800413AAB /* NSString+MD5Addition.h */ = {isa = PBXFileReference; fileEncoding = 4; lastKnownFileType = sourcecode.c.h; path = "NSString+MD5Addition.h"; sourceTree = "<group>"; };
		B765B8D819066D6800413AAB /* NSString+MD5Addition.m */ = {isa = PBXFileReference; fileEncoding = 4; lastKnownFileType = sourcecode.c.objc; path = "NSString+MD5Addition.m"; sourceTree = "<group>"; };
		B765B8DA19066E0800413AAB /* NSObject+NSJSONSerialization.h */ = {isa = PBXFileReference; fileEncoding = 4; lastKnownFileType = sourcecode.c.h; path = "NSObject+NSJSONSerialization.h"; sourceTree = "<group>"; };
		B765B8DB19066E0800413AAB /* NSObject+NSJSONSerialization.m */ = {isa = PBXFileReference; fileEncoding = 4; lastKnownFileType = sourcecode.c.objc; path = "NSObject+NSJSONSerialization.m"; sourceTree = "<group>"; };
		B765B8E619079DB600413AAB /* SampleRequestManager.h */ = {isa = PBXFileReference; fileEncoding = 4; lastKnownFileType = sourcecode.c.h; path = SampleRequestManager.h; sourceTree = "<group>"; };
		B765B8E719079DB600413AAB /* SampleRequestManager.m */ = {isa = PBXFileReference; fileEncoding = 4; lastKnownFileType = sourcecode.c.objc; path = SampleRequestManager.m; sourceTree = "<group>"; };
		B765B8E91907AFF400413AAB /* README */ = {isa = PBXFileReference; fileEncoding = 4; lastKnownFileType = text; path = README; sourceTree = "<group>"; };
		B7E4E5021910954900077D77 /* BrokerResponder.h */ = {isa = PBXFileReference; fileEncoding = 4; lastKnownFileType = sourcecode.c.h; path = BrokerResponder.h; sourceTree = "<group>"; };
		B7E4E5031910954900077D77 /* BrokerResponder.m */ = {isa = PBXFileReference; fileEncoding = 4; lastKnownFileType = sourcecode.c.objc; path = BrokerResponder.m; sourceTree = "<group>"; };
		B7E4E5041910954900077D77 /* IMGDowloaderManager.h */ = {isa = PBXFileReference; fileEncoding = 4; lastKnownFileType = sourcecode.c.h; path = IMGDowloaderManager.h; sourceTree = "<group>"; };
		B7E4E5051910954900077D77 /* IMGDowloaderManager.m */ = {isa = PBXFileReference; fileEncoding = 4; lastKnownFileType = sourcecode.c.objc; path = IMGDowloaderManager.m; sourceTree = "<group>"; };
		B7E4E5061910954900077D77 /* IMGDownloaderOperation.h */ = {isa = PBXFileReference; fileEncoding = 4; lastKnownFileType = sourcecode.c.h; path = IMGDownloaderOperation.h; sourceTree = "<group>"; };
		B7E4E5071910954900077D77 /* IMGDownloaderOperation.m */ = {isa = PBXFileReference; fileEncoding = 4; lastKnownFileType = sourcecode.c.objc; path = IMGDownloaderOperation.m; sourceTree = "<group>"; };
		FC0F65661B05F72800AB6BCE /* ark_station_20150127.sqlite */ = {isa = PBXFileReference; lastKnownFileType = file; path = ark_station_20150127.sqlite; sourceTree = "<group>"; };
		FC0F65691B05FA0C00AB6BCE /* FMDatabase.h */ = {isa = PBXFileReference; fileEncoding = 4; lastKnownFileType = sourcecode.c.h; path = FMDatabase.h; sourceTree = "<group>"; };
		FC0F656A1B05FA0C00AB6BCE /* FMDatabase.m */ = {isa = PBXFileReference; fileEncoding = 4; lastKnownFileType = sourcecode.c.objc; path = FMDatabase.m; sourceTree = "<group>"; };
		FC0F656B1B05FA0C00AB6BCE /* FMDatabaseAdditions.h */ = {isa = PBXFileReference; fileEncoding = 4; lastKnownFileType = sourcecode.c.h; path = FMDatabaseAdditions.h; sourceTree = "<group>"; };
		FC0F656C1B05FA0C00AB6BCE /* FMDatabaseAdditions.m */ = {isa = PBXFileReference; fileEncoding = 4; lastKnownFileType = sourcecode.c.objc; path = FMDatabaseAdditions.m; sourceTree = "<group>"; };
		FC0F656D1B05FA0C00AB6BCE /* FMDatabasePool.h */ = {isa = PBXFileReference; fileEncoding = 4; lastKnownFileType = sourcecode.c.h; path = FMDatabasePool.h; sourceTree = "<group>"; };
		FC0F656E1B05FA0C00AB6BCE /* FMDatabasePool.m */ = {isa = PBXFileReference; fileEncoding = 4; lastKnownFileType = sourcecode.c.objc; path = FMDatabasePool.m; sourceTree = "<group>"; };
		FC0F656F1B05FA0C00AB6BCE /* FMDatabaseQueue.h */ = {isa = PBXFileReference; fileEncoding = 4; lastKnownFileType = sourcecode.c.h; path = FMDatabaseQueue.h; sourceTree = "<group>"; };
		FC0F65701B05FA0C00AB6BCE /* FMDatabaseQueue.m */ = {isa = PBXFileReference; fileEncoding = 4; lastKnownFileType = sourcecode.c.objc; path = FMDatabaseQueue.m; sourceTree = "<group>"; };
		FC0F65711B05FA0C00AB6BCE /* FMResultSet.h */ = {isa = PBXFileReference; fileEncoding = 4; lastKnownFileType = sourcecode.c.h; path = FMResultSet.h; sourceTree = "<group>"; };
		FC0F65721B05FA0C00AB6BCE /* FMResultSet.m */ = {isa = PBXFileReference; fileEncoding = 4; lastKnownFileType = sourcecode.c.objc; path = FMResultSet.m; sourceTree = "<group>"; };
		FC0F65781B05FA3A00AB6BCE /* DBManager.h */ = {isa = PBXFileReference; fileEncoding = 4; lastKnownFileType = sourcecode.c.h; path = DBManager.h; sourceTree = "<group>"; };
		FC0F65791B05FA3A00AB6BCE /* DBManager.m */ = {isa = PBXFileReference; fileEncoding = 4; lastKnownFileType = sourcecode.c.objc; path = DBManager.m; sourceTree = "<group>"; };
		FC100AE91AC530DF00737E3F /* CTTrain12306VerificationCodeView.h */ = {isa = PBXFileReference; fileEncoding = 4; lastKnownFileType = sourcecode.c.h; path = CTTrain12306VerificationCodeView.h; sourceTree = "<group>"; };
		FC100AEA1AC530DF00737E3F /* CTTrain12306VerificationCodeView.m */ = {isa = PBXFileReference; fileEncoding = 4; lastKnownFileType = sourcecode.c.objc; path = CTTrain12306VerificationCodeView.m; sourceTree = "<group>"; };
		FC100AEC1AC5332F00737E3F /* point.png */ = {isa = PBXFileReference; lastKnownFileType = image.png; path = point.png; sourceTree = "<group>"; };
		FC70AC3B1AA6C68F0013364B /* NSDictionary+Ext.h */ = {isa = PBXFileReference; fileEncoding = 4; lastKnownFileType = sourcecode.c.h; path = "NSDictionary+Ext.h"; sourceTree = "<group>"; };
		FC70AC3C1AA6C68F0013364B /* NSDictionary+Ext.m */ = {isa = PBXFileReference; fileEncoding = 4; lastKnownFileType = sourcecode.c.objc; path = "NSDictionary+Ext.m"; sourceTree = "<group>"; };
		FC70AC441AA836740013364B /* XMLDictionary.h */ = {isa = PBXFileReference; fileEncoding = 4; lastKnownFileType = sourcecode.c.h; path = XMLDictionary.h; sourceTree = "<group>"; };
		FC70AC451AA836740013364B /* XMLDictionary.m */ = {isa = PBXFileReference; fileEncoding = 4; lastKnownFileType = sourcecode.c.objc; path = XMLDictionary.m; sourceTree = "<group>"; };
		FCBD5FD41AA0480F0091FC2A /* AFNetworking.h */ = {isa = PBXFileReference; fileEncoding = 4; lastKnownFileType = sourcecode.c.h; path = AFNetworking.h; sourceTree = "<group>"; };
		FCBD5FD61AA0480F0091FC2A /* AFHTTPRequestOperation.h */ = {isa = PBXFileReference; fileEncoding = 4; lastKnownFileType = sourcecode.c.h; path = AFHTTPRequestOperation.h; sourceTree = "<group>"; };
		FCBD5FD71AA0480F0091FC2A /* AFHTTPRequestOperation.m */ = {isa = PBXFileReference; fileEncoding = 4; lastKnownFileType = sourcecode.c.objc; path = AFHTTPRequestOperation.m; sourceTree = "<group>"; };
		FCBD5FD81AA0480F0091FC2A /* AFHTTPRequestOperationManager.h */ = {isa = PBXFileReference; fileEncoding = 4; lastKnownFileType = sourcecode.c.h; path = AFHTTPRequestOperationManager.h; sourceTree = "<group>"; };
		FCBD5FD91AA0480F0091FC2A /* AFHTTPRequestOperationManager.m */ = {isa = PBXFileReference; fileEncoding = 4; lastKnownFileType = sourcecode.c.objc; path = AFHTTPRequestOperationManager.m; sourceTree = "<group>"; };
		FCBD5FDA1AA0480F0091FC2A /* AFURLConnectionOperation.h */ = {isa = PBXFileReference; fileEncoding = 4; lastKnownFileType = sourcecode.c.h; path = AFURLConnectionOperation.h; sourceTree = "<group>"; };
		FCBD5FDB1AA0480F0091FC2A /* AFURLConnectionOperation.m */ = {isa = PBXFileReference; fileEncoding = 4; lastKnownFileType = sourcecode.c.objc; path = AFURLConnectionOperation.m; sourceTree = "<group>"; };
		FCBD5FDD1AA0480F0091FC2A /* AFHTTPSessionManager.h */ = {isa = PBXFileReference; fileEncoding = 4; lastKnownFileType = sourcecode.c.h; path = AFHTTPSessionManager.h; sourceTree = "<group>"; };
		FCBD5FDE1AA0480F0091FC2A /* AFHTTPSessionManager.m */ = {isa = PBXFileReference; fileEncoding = 4; lastKnownFileType = sourcecode.c.objc; path = AFHTTPSessionManager.m; sourceTree = "<group>"; };
		FCBD5FDF1AA0480F0091FC2A /* AFURLSessionManager.h */ = {isa = PBXFileReference; fileEncoding = 4; lastKnownFileType = sourcecode.c.h; path = AFURLSessionManager.h; sourceTree = "<group>"; };
		FCBD5FE01AA0480F0091FC2A /* AFURLSessionManager.m */ = {isa = PBXFileReference; fileEncoding = 4; lastKnownFileType = sourcecode.c.objc; path = AFURLSessionManager.m; sourceTree = "<group>"; };
		FCBD5FE21AA0480F0091FC2A /* AFNetworkReachabilityManager.h */ = {isa = PBXFileReference; fileEncoding = 4; lastKnownFileType = sourcecode.c.h; path = AFNetworkReachabilityManager.h; sourceTree = "<group>"; };
		FCBD5FE31AA0480F0091FC2A /* AFNetworkReachabilityManager.m */ = {isa = PBXFileReference; fileEncoding = 4; lastKnownFileType = sourcecode.c.objc; path = AFNetworkReachabilityManager.m; sourceTree = "<group>"; };
		FCBD5FE51AA0480F0091FC2A /* AFSecurityPolicy.h */ = {isa = PBXFileReference; fileEncoding = 4; lastKnownFileType = sourcecode.c.h; path = AFSecurityPolicy.h; sourceTree = "<group>"; };
		FCBD5FE61AA0480F0091FC2A /* AFSecurityPolicy.m */ = {isa = PBXFileReference; fileEncoding = 4; lastKnownFileType = sourcecode.c.objc; path = AFSecurityPolicy.m; sourceTree = "<group>"; };
		FCBD5FE81AA0480F0091FC2A /* AFURLRequestSerialization.h */ = {isa = PBXFileReference; fileEncoding = 4; lastKnownFileType = sourcecode.c.h; path = AFURLRequestSerialization.h; sourceTree = "<group>"; };
		FCBD5FE91AA0480F0091FC2A /* AFURLRequestSerialization.m */ = {isa = PBXFileReference; fileEncoding = 4; lastKnownFileType = sourcecode.c.objc; path = AFURLRequestSerialization.m; sourceTree = "<group>"; };
		FCBD5FEA1AA0480F0091FC2A /* AFURLResponseSerialization.h */ = {isa = PBXFileReference; fileEncoding = 4; lastKnownFileType = sourcecode.c.h; path = AFURLResponseSerialization.h; sourceTree = "<group>"; };
		FCBD5FEB1AA0480F0091FC2A /* AFURLResponseSerialization.m */ = {isa = PBXFileReference; fileEncoding = 4; lastKnownFileType = sourcecode.c.objc; path = AFURLResponseSerialization.m; sourceTree = "<group>"; };
		FCBD5FED1AA0480F0091FC2A /* AFNetworkActivityIndicatorManager.h */ = {isa = PBXFileReference; fileEncoding = 4; lastKnownFileType = sourcecode.c.h; path = AFNetworkActivityIndicatorManager.h; sourceTree = "<group>"; };
		FCBD5FEE1AA0480F0091FC2A /* AFNetworkActivityIndicatorManager.m */ = {isa = PBXFileReference; fileEncoding = 4; lastKnownFileType = sourcecode.c.objc; path = AFNetworkActivityIndicatorManager.m; sourceTree = "<group>"; };
		FCBD5FEF1AA0480F0091FC2A /* UIActivityIndicatorView+AFNetworking.h */ = {isa = PBXFileReference; fileEncoding = 4; lastKnownFileType = sourcecode.c.h; path = "UIActivityIndicatorView+AFNetworking.h"; sourceTree = "<group>"; };
		FCBD5FF01AA0480F0091FC2A /* UIActivityIndicatorView+AFNetworking.m */ = {isa = PBXFileReference; fileEncoding = 4; lastKnownFileType = sourcecode.c.objc; path = "UIActivityIndicatorView+AFNetworking.m"; sourceTree = "<group>"; };
		FCBD5FF11AA0480F0091FC2A /* UIAlertView+AFNetworking.h */ = {isa = PBXFileReference; fileEncoding = 4; lastKnownFileType = sourcecode.c.h; path = "UIAlertView+AFNetworking.h"; sourceTree = "<group>"; };
		FCBD5FF21AA0480F0091FC2A /* UIAlertView+AFNetworking.m */ = {isa = PBXFileReference; fileEncoding = 4; lastKnownFileType = sourcecode.c.objc; path = "UIAlertView+AFNetworking.m"; sourceTree = "<group>"; };
		FCBD5FF31AA0480F0091FC2A /* UIButton+AFNetworking.h */ = {isa = PBXFileReference; fileEncoding = 4; lastKnownFileType = sourcecode.c.h; path = "UIButton+AFNetworking.h"; sourceTree = "<group>"; };
		FCBD5FF41AA0480F0091FC2A /* UIButton+AFNetworking.m */ = {isa = PBXFileReference; fileEncoding = 4; lastKnownFileType = sourcecode.c.objc; path = "UIButton+AFNetworking.m"; sourceTree = "<group>"; };
		FCBD5FF51AA0480F0091FC2A /* UIImageView+AFNetworking.h */ = {isa = PBXFileReference; fileEncoding = 4; lastKnownFileType = sourcecode.c.h; path = "UIImageView+AFNetworking.h"; sourceTree = "<group>"; };
		FCBD5FF61AA0480F0091FC2A /* UIImageView+AFNetworking.m */ = {isa = PBXFileReference; fileEncoding = 4; lastKnownFileType = sourcecode.c.objc; path = "UIImageView+AFNetworking.m"; sourceTree = "<group>"; };
		FCBD5FF71AA0480F0091FC2A /* UIKit+AFNetworking.h */ = {isa = PBXFileReference; fileEncoding = 4; lastKnownFileType = sourcecode.c.h; path = "UIKit+AFNetworking.h"; sourceTree = "<group>"; };
		FCBD5FF81AA0480F0091FC2A /* UIProgressView+AFNetworking.h */ = {isa = PBXFileReference; fileEncoding = 4; lastKnownFileType = sourcecode.c.h; path = "UIProgressView+AFNetworking.h"; sourceTree = "<group>"; };
		FCBD5FF91AA0480F0091FC2A /* UIProgressView+AFNetworking.m */ = {isa = PBXFileReference; fileEncoding = 4; lastKnownFileType = sourcecode.c.objc; path = "UIProgressView+AFNetworking.m"; sourceTree = "<group>"; };
		FCBD5FFA1AA0480F0091FC2A /* UIRefreshControl+AFNetworking.h */ = {isa = PBXFileReference; fileEncoding = 4; lastKnownFileType = sourcecode.c.h; path = "UIRefreshControl+AFNetworking.h"; sourceTree = "<group>"; };
		FCBD5FFB1AA0480F0091FC2A /* UIRefreshControl+AFNetworking.m */ = {isa = PBXFileReference; fileEncoding = 4; lastKnownFileType = sourcecode.c.objc; path = "UIRefreshControl+AFNetworking.m"; sourceTree = "<group>"; };
		FCBD5FFC1AA0480F0091FC2A /* UIWebView+AFNetworking.h */ = {isa = PBXFileReference; fileEncoding = 4; lastKnownFileType = sourcecode.c.h; path = "UIWebView+AFNetworking.h"; sourceTree = "<group>"; };
		FCBD5FFD1AA0480F0091FC2A /* UIWebView+AFNetworking.m */ = {isa = PBXFileReference; fileEncoding = 4; lastKnownFileType = sourcecode.c.objc; path = "UIWebView+AFNetworking.m"; sourceTree = "<group>"; };
		FCBD60101AA048180091FC2A /* NSArray+TYAFNetworking.h */ = {isa = PBXFileReference; fileEncoding = 4; lastKnownFileType = sourcecode.c.h; path = "NSArray+TYAFNetworking.h"; sourceTree = "<group>"; };
		FCBD60111AA048180091FC2A /* NSArray+TYAFNetworking.m */ = {isa = PBXFileReference; fileEncoding = 4; lastKnownFileType = sourcecode.c.objc; path = "NSArray+TYAFNetworking.m"; sourceTree = "<group>"; };
		FCBD60121AA048180091FC2A /* NSDictionary+TYAFNetworking.h */ = {isa = PBXFileReference; fileEncoding = 4; lastKnownFileType = sourcecode.c.h; path = "NSDictionary+TYAFNetworking.h"; sourceTree = "<group>"; };
		FCBD60131AA048180091FC2A /* NSDictionary+TYAFNetworking.m */ = {isa = PBXFileReference; fileEncoding = 4; lastKnownFileType = sourcecode.c.objc; path = "NSDictionary+TYAFNetworking.m"; sourceTree = "<group>"; };
		FCBD60141AA048180091FC2A /* NSURLRequest+TYAFNetworking.h */ = {isa = PBXFileReference; fileEncoding = 4; lastKnownFileType = sourcecode.c.h; path = "NSURLRequest+TYAFNetworking.h"; sourceTree = "<group>"; };
		FCBD60151AA048180091FC2A /* NSURLRequest+TYAFNetworking.m */ = {isa = PBXFileReference; fileEncoding = 4; lastKnownFileType = sourcecode.c.objc; path = "NSURLRequest+TYAFNetworking.m"; sourceTree = "<group>"; };
		FCBD60161AA048180091FC2A /* TYAFNetworkingConfig.h */ = {isa = PBXFileReference; fileEncoding = 4; lastKnownFileType = sourcecode.c.h; path = TYAFNetworkingConfig.h; sourceTree = "<group>"; };
		FCBD60171AA048180091FC2A /* TYAPIProxy.h */ = {isa = PBXFileReference; fileEncoding = 4; lastKnownFileType = sourcecode.c.h; path = TYAPIProxy.h; sourceTree = "<group>"; };
		FCBD60181AA048180091FC2A /* TYAPIProxy.m */ = {isa = PBXFileReference; fileEncoding = 4; lastKnownFileType = sourcecode.c.objc; path = TYAPIProxy.m; sourceTree = "<group>"; };
		FCBD60191AA048180091FC2A /* TYRequestGenerator.h */ = {isa = PBXFileReference; fileEncoding = 4; lastKnownFileType = sourcecode.c.h; path = TYRequestGenerator.h; sourceTree = "<group>"; };
		FCBD601A1AA048180091FC2A /* TYRequestGenerator.m */ = {isa = PBXFileReference; fileEncoding = 4; lastKnownFileType = sourcecode.c.objc; path = TYRequestGenerator.m; sourceTree = "<group>"; };
		FCBD601B1AA048180091FC2A /* TYSignatureGenerator.h */ = {isa = PBXFileReference; fileEncoding = 4; lastKnownFileType = sourcecode.c.h; path = TYSignatureGenerator.h; sourceTree = "<group>"; };
		FCBD601C1AA048180091FC2A /* TYSignatureGenerator.m */ = {isa = PBXFileReference; fileEncoding = 4; lastKnownFileType = sourcecode.c.objc; path = TYSignatureGenerator.m; sourceTree = "<group>"; };
		FCBD601D1AA048180091FC2A /* TYURLResponse.h */ = {isa = PBXFileReference; fileEncoding = 4; lastKnownFileType = sourcecode.c.h; path = TYURLResponse.h; sourceTree = "<group>"; };
		FCBD601E1AA048180091FC2A /* TYURLResponse.m */ = {isa = PBXFileReference; fileEncoding = 4; lastKnownFileType = sourcecode.c.objc; path = TYURLResponse.m; sourceTree = "<group>"; };
		FCBD60261AA049980091FC2A /* Login12306ViewController.h */ = {isa = PBXFileReference; fileEncoding = 4; lastKnownFileType = sourcecode.c.h; path = Login12306ViewController.h; sourceTree = "<group>"; };
		FCBD60271AA049980091FC2A /* Login12306ViewController.m */ = {isa = PBXFileReference; fileEncoding = 4; lastKnownFileType = sourcecode.c.objc; path = Login12306ViewController.m; sourceTree = "<group>"; };
		FCBD602A1AA1B9FE0091FC2A /* NSData+Ext.h */ = {isa = PBXFileReference; fileEncoding = 4; lastKnownFileType = sourcecode.c.h; path = "NSData+Ext.h"; sourceTree = "<group>"; };
		FCBD602B1AA1B9FE0091FC2A /* NSData+Ext.m */ = {isa = PBXFileReference; fileEncoding = 4; lastKnownFileType = sourcecode.c.objc; path = "NSData+Ext.m"; sourceTree = "<group>"; };
		FCBD602C1AA1B9FE0091FC2A /* Security.c */ = {isa = PBXFileReference; fileEncoding = 4; lastKnownFileType = sourcecode.c.c; path = Security.c; sourceTree = "<group>"; };
		FCBD602D1AA1B9FE0091FC2A /* Security.h */ = {isa = PBXFileReference; fileEncoding = 4; lastKnownFileType = sourcecode.c.h; path = Security.h; sourceTree = "<group>"; };
		FCBD60301AA1BA550091FC2A /* NetworkingUtilsHeader.h */ = {isa = PBXFileReference; lastKnownFileType = sourcecode.c.h; path = NetworkingUtilsHeader.h; sourceTree = "<group>"; };
		FCBD60311AA1BDCC0091FC2A /* NSString+Ext.h */ = {isa = PBXFileReference; fileEncoding = 4; lastKnownFileType = sourcecode.c.h; path = "NSString+Ext.h"; sourceTree = "<group>"; };
		FCBD60321AA1BDCC0091FC2A /* NSString+Ext.m */ = {isa = PBXFileReference; fileEncoding = 4; lastKnownFileType = sourcecode.c.objc; path = "NSString+Ext.m"; sourceTree = "<group>"; };
/* End PBXFileReference section */

/* Begin PBXFrameworksBuildPhase section */
		B7351CBF18EA8B0900338155 /* Frameworks */ = {
			isa = PBXFrameworksBuildPhase;
			buildActionMask = 2147483647;
			files = (
				B7351D1C18EA8D7300338155 /* libz.dylib in Frameworks */,
				B7351CC818EA8B0900338155 /* CoreGraphics.framework in Frameworks */,
				B7351CCC18EA8B0900338155 /* CoreData.framework in Frameworks */,
				B7351CCA18EA8B0900338155 /* UIKit.framework in Frameworks */,
				B7351CC618EA8B0900338155 /* Foundation.framework in Frameworks */,
			);
			runOnlyForDeploymentPostprocessing = 0;
		};
		B7351CDF18EA8B0900338155 /* Frameworks */ = {
			isa = PBXFrameworksBuildPhase;
			buildActionMask = 2147483647;
			files = (
				B7351CE418EA8B0900338155 /* XCTest.framework in Frameworks */,
				B7351CE718EA8B0900338155 /* CoreData.framework in Frameworks */,
				B7351CE618EA8B0900338155 /* UIKit.framework in Frameworks */,
				B7351CE518EA8B0900338155 /* Foundation.framework in Frameworks */,
			);
			runOnlyForDeploymentPostprocessing = 0;
		};
/* End PBXFrameworksBuildPhase section */

/* Begin PBXGroup section */
		2422DFA51AB479E9007A50D4 /* Model */ = {
			isa = PBXGroup;
			children = (
				2422DFA61AB47A06007A50D4 /* TicketObject.h */,
				2422DFA71AB47A06007A50D4 /* TicketObject.m */,
			);
			path = Model;
			sourceTree = "<group>";
		};
		B7351CB918EA8B0900338155 = {
			isa = PBXGroup;
			children = (
				B765B8E91907AFF400413AAB /* README */,
				B7351CCD18EA8B0900338155 /* TestASI */,
				B7351CC418EA8B0900338155 /* Frameworks */,
				B7351CEA18EA8B0900338155 /* TestASITests */,
				B7351CC318EA8B0900338155 /* Products */,
			);
			sourceTree = "<group>";
		};
		B7351CC318EA8B0900338155 /* Products */ = {
			isa = PBXGroup;
			children = (
				B7351CC218EA8B0900338155 /* TestASI.app */,
				B7351CE218EA8B0900338155 /* TestASITests.xctest */,
			);
			name = Products;
			sourceTree = "<group>";
		};
		B7351CC418EA8B0900338155 /* Frameworks */ = {
			isa = PBXGroup;
			children = (
				B7351D1B18EA8D7300338155 /* libz.dylib */,
				B7351CC518EA8B0900338155 /* Foundation.framework */,
				B7351CC718EA8B0900338155 /* CoreGraphics.framework */,
				B7351CC918EA8B0900338155 /* UIKit.framework */,
				B7351CCB18EA8B0900338155 /* CoreData.framework */,
				B7351CE318EA8B0900338155 /* XCTest.framework */,
			);
			name = Frameworks;
			sourceTree = "<group>";
		};
		B7351CCD18EA8B0900338155 /* TestASI */ = {
			isa = PBXGroup;
			children = (
				2422DFA51AB479E9007A50D4 /* Model */,
				FCBD600F1AA048180091FC2A /* TYNetworking */,
				FCBD5FD21AA0480F0091FC2A /* AFNetworking */,
				B7351D2518EA9C6900338155 /* NetworkRequest */,
				B7351D2418EA9BDE00338155 /* CheckNetwork */,
				B7E4E50C1910A00A00077D77 /* Category */,
				B7E4E50B19109CA500077D77 /* BaseUtil */,
				B7E4E5011910952200077D77 /* IMGDownLoader */,
				B7351D1D18EA8D9900338155 /* Controller */,
				B7351CCE18EA8B0900338155 /* Supporting Files */,
			);
			path = TestASI;
			sourceTree = "<group>";
		};
		B7351CCE18EA8B0900338155 /* Supporting Files */ = {
			isa = PBXGroup;
			children = (
				FC0F65661B05F72800AB6BCE /* ark_station_20150127.sqlite */,
				FC0F65681B05FA0C00AB6BCE /* FMDB */,
				B7351CD618EA8B0900338155 /* AppDelegate.h */,
				B7351CD718EA8B0900338155 /* AppDelegate.m */,
				B7351CDC18EA8B0900338155 /* Images.xcassets */,
				B7351CD918EA8B0900338155 /* TestASI.xcdatamodeld */,
				B7351CCF18EA8B0900338155 /* TestASI-Info.plist */,
				B7351CD018EA8B0900338155 /* InfoPlist.strings */,
				B7351CD318EA8B0900338155 /* main.m */,
				B7351CD518EA8B0900338155 /* TestASI-Prefix.pch */,
			);
			name = "Supporting Files";
			sourceTree = "<group>";
		};
		B7351CEA18EA8B0900338155 /* TestASITests */ = {
			isa = PBXGroup;
			children = (
				B7351CF018EA8B0900338155 /* TestASITests.m */,
				B7351CEB18EA8B0900338155 /* Supporting Files */,
			);
			path = TestASITests;
			sourceTree = "<group>";
		};
		B7351CEB18EA8B0900338155 /* Supporting Files */ = {
			isa = PBXGroup;
			children = (
				B7351CEC18EA8B0900338155 /* TestASITests-Info.plist */,
				B7351CED18EA8B0900338155 /* InfoPlist.strings */,
			);
			name = "Supporting Files";
			sourceTree = "<group>";
		};
		B7351CFA18EA8B1800338155 /* ASI */ = {
			isa = PBXGroup;
			children = (
				B7351CFB18EA8B1800338155 /* ASIAuthenticationDialog.h */,
				B7351CFC18EA8B1800338155 /* ASIAuthenticationDialog.m */,
				B7351CFD18EA8B1800338155 /* ASICacheDelegate.h */,
				B7351CFE18EA8B1800338155 /* ASIDataCompressor.h */,
				B7351CFF18EA8B1800338155 /* ASIDataCompressor.m */,
				B7351D0018EA8B1800338155 /* ASIDataDecompressor.h */,
				B7351D0118EA8B1800338155 /* ASIDataDecompressor.m */,
				B7351D0218EA8B1800338155 /* ASIDownloadCache.h */,
				B7351D0318EA8B1800338155 /* ASIDownloadCache.m */,
				B7351D0418EA8B1800338155 /* ASIFormDataRequest.h */,
				B7351D0518EA8B1800338155 /* ASIFormDataRequest.m */,
				B7351D0618EA8B1800338155 /* ASIHTTPRequest.h */,
				B7351D0718EA8B1800338155 /* ASIHTTPRequest.m */,
				B7351D0818EA8B1800338155 /* ASIHTTPRequestConfig.h */,
				B7351D0918EA8B1800338155 /* ASIHTTPRequestDelegate.h */,
				B7351D0A18EA8B1800338155 /* ASIInputStream.h */,
				B7351D0B18EA8B1800338155 /* ASIInputStream.m */,
				B7351D0C18EA8B1800338155 /* ASINetworkQueue.h */,
				B7351D0D18EA8B1800338155 /* ASINetworkQueue.m */,
				B7351D0E18EA8B1800338155 /* ASIProgressDelegate.h */,
				B7351D0F18EA8B1800338155 /* Reachability.h */,
				B7351D1018EA8B1800338155 /* Reachability.m */,
			);
			name = ASI;
			path = TestASI/ASI;
			sourceTree = "<group>";
		};
		B7351D1D18EA8D9900338155 /* Controller */ = {
			isa = PBXGroup;
			children = (
				FC100AE81AC530DA00737E3F /* Views */,
				B7351D1E18EA8DB100338155 /* RootViewController.h */,
				B7351D1F18EA8DB100338155 /* RootViewController.m */,
				FCBD60261AA049980091FC2A /* Login12306ViewController.h */,
				FCBD60271AA049980091FC2A /* Login12306ViewController.m */,
				24D8266F1AB2D48400121316 /* QueryTicketViewController.h */,
				24D826701AB2D48400121316 /* QueryTicketViewController.m */,
				2422DFA21AB41971007A50D4 /* RobTicketViewController.h */,
				2422DFA31AB41971007A50D4 /* RobTicketViewController.m */,
			);
			name = Controller;
			sourceTree = "<group>";
		};
		B7351D2418EA9BDE00338155 /* CheckNetwork */ = {
			isa = PBXGroup;
			children = (
				B7351D2118EA904700338155 /* ReachabilityManager.h */,
				B7351D2218EA904700338155 /* ReachabilityManager.m */,
			);
			name = CheckNetwork;
			sourceTree = "<group>";
		};
		B7351D2518EA9C6900338155 /* NetworkRequest */ = {
			isa = PBXGroup;
			children = (
				B7351D2618EA9C9C00338155 /* RequestManager.h */,
				B7351D2718EA9C9C00338155 /* RequestManager.m */,
				B765B8E619079DB600413AAB /* SampleRequestManager.h */,
				B765B8E719079DB600413AAB /* SampleRequestManager.m */,
			);
			name = NetworkRequest;
			sourceTree = "<group>";
		};
		B7E4E5011910952200077D77 /* IMGDownLoader */ = {
			isa = PBXGroup;
			children = (
				B7E4E5021910954900077D77 /* BrokerResponder.h */,
				B7E4E5031910954900077D77 /* BrokerResponder.m */,
				B7E4E5041910954900077D77 /* IMGDowloaderManager.h */,
				B7E4E5051910954900077D77 /* IMGDowloaderManager.m */,
				B7E4E5061910954900077D77 /* IMGDownloaderOperation.h */,
				B7E4E5071910954900077D77 /* IMGDownloaderOperation.m */,
			);
			name = IMGDownLoader;
			sourceTree = "<group>";
		};
		B7E4E50B19109CA500077D77 /* BaseUtil */ = {
			isa = PBXGroup;
			children = (
				B7351CFA18EA8B1800338155 /* ASI */,
			);
			name = BaseUtil;
			path = ..;
			sourceTree = "<group>";
		};
		B7E4E50C1910A00A00077D77 /* Category */ = {
			isa = PBXGroup;
			children = (
				B765B8DA19066E0800413AAB /* NSObject+NSJSONSerialization.h */,
				B765B8DB19066E0800413AAB /* NSObject+NSJSONSerialization.m */,
				B765B8D719066D6800413AAB /* NSString+MD5Addition.h */,
				B765B8D819066D6800413AAB /* NSString+MD5Addition.m */,
			);
			name = Category;
			sourceTree = "<group>";
		};
		FC0F65681B05FA0C00AB6BCE /* FMDB */ = {
			isa = PBXGroup;
			children = (
				FC0F65781B05FA3A00AB6BCE /* DBManager.h */,
				FC0F65791B05FA3A00AB6BCE /* DBManager.m */,
				FC0F65691B05FA0C00AB6BCE /* FMDatabase.h */,
				FC0F656A1B05FA0C00AB6BCE /* FMDatabase.m */,
				FC0F656B1B05FA0C00AB6BCE /* FMDatabaseAdditions.h */,
				FC0F656C1B05FA0C00AB6BCE /* FMDatabaseAdditions.m */,
				FC0F656D1B05FA0C00AB6BCE /* FMDatabasePool.h */,
				FC0F656E1B05FA0C00AB6BCE /* FMDatabasePool.m */,
				FC0F656F1B05FA0C00AB6BCE /* FMDatabaseQueue.h */,
				FC0F65701B05FA0C00AB6BCE /* FMDatabaseQueue.m */,
				FC0F65711B05FA0C00AB6BCE /* FMResultSet.h */,
				FC0F65721B05FA0C00AB6BCE /* FMResultSet.m */,
			);
			path = FMDB;
			sourceTree = "<group>";
		};
		FC100AE81AC530DA00737E3F /* Views */ = {
			isa = PBXGroup;
			children = (
				FC100AE91AC530DF00737E3F /* CTTrain12306VerificationCodeView.h */,
				FC100AEA1AC530DF00737E3F /* CTTrain12306VerificationCodeView.m */,
				FC100AEC1AC5332F00737E3F /* point.png */,
			);
			path = Views;
			sourceTree = "<group>";
		};
		FCBD5FD21AA0480F0091FC2A /* AFNetworking */ = {
			isa = PBXGroup;
			children = (
				FCBD5FD31AA0480F0091FC2A /* AFNetworking */,
				FCBD5FEC1AA0480F0091FC2A /* UIKit+AFNetworking */,
			);
			path = AFNetworking;
			sourceTree = "<group>";
		};
		FCBD5FD31AA0480F0091FC2A /* AFNetworking */ = {
			isa = PBXGroup;
			children = (
				FCBD5FD41AA0480F0091FC2A /* AFNetworking.h */,
				FCBD5FD51AA0480F0091FC2A /* NSURLConnection */,
				FCBD5FDC1AA0480F0091FC2A /* NSURLSession */,
				FCBD5FE11AA0480F0091FC2A /* Reachability */,
				FCBD5FE41AA0480F0091FC2A /* Security */,
				FCBD5FE71AA0480F0091FC2A /* Serialization */,
			);
			path = AFNetworking;
			sourceTree = "<group>";
		};
		FCBD5FD51AA0480F0091FC2A /* NSURLConnection */ = {
			isa = PBXGroup;
			children = (
				FCBD5FD61AA0480F0091FC2A /* AFHTTPRequestOperation.h */,
				FCBD5FD71AA0480F0091FC2A /* AFHTTPRequestOperation.m */,
				FCBD5FD81AA0480F0091FC2A /* AFHTTPRequestOperationManager.h */,
				FCBD5FD91AA0480F0091FC2A /* AFHTTPRequestOperationManager.m */,
				FCBD5FDA1AA0480F0091FC2A /* AFURLConnectionOperation.h */,
				FCBD5FDB1AA0480F0091FC2A /* AFURLConnectionOperation.m */,
			);
			path = NSURLConnection;
			sourceTree = "<group>";
		};
		FCBD5FDC1AA0480F0091FC2A /* NSURLSession */ = {
			isa = PBXGroup;
			children = (
				FCBD5FDD1AA0480F0091FC2A /* AFHTTPSessionManager.h */,
				FCBD5FDE1AA0480F0091FC2A /* AFHTTPSessionManager.m */,
				FCBD5FDF1AA0480F0091FC2A /* AFURLSessionManager.h */,
				FCBD5FE01AA0480F0091FC2A /* AFURLSessionManager.m */,
			);
			path = NSURLSession;
			sourceTree = "<group>";
		};
		FCBD5FE11AA0480F0091FC2A /* Reachability */ = {
			isa = PBXGroup;
			children = (
				FCBD5FE21AA0480F0091FC2A /* AFNetworkReachabilityManager.h */,
				FCBD5FE31AA0480F0091FC2A /* AFNetworkReachabilityManager.m */,
			);
			path = Reachability;
			sourceTree = "<group>";
		};
		FCBD5FE41AA0480F0091FC2A /* Security */ = {
			isa = PBXGroup;
			children = (
				FCBD5FE51AA0480F0091FC2A /* AFSecurityPolicy.h */,
				FCBD5FE61AA0480F0091FC2A /* AFSecurityPolicy.m */,
			);
			path = Security;
			sourceTree = "<group>";
		};
		FCBD5FE71AA0480F0091FC2A /* Serialization */ = {
			isa = PBXGroup;
			children = (
				FCBD5FE81AA0480F0091FC2A /* AFURLRequestSerialization.h */,
				FCBD5FE91AA0480F0091FC2A /* AFURLRequestSerialization.m */,
				FCBD5FEA1AA0480F0091FC2A /* AFURLResponseSerialization.h */,
				FCBD5FEB1AA0480F0091FC2A /* AFURLResponseSerialization.m */,
			);
			path = Serialization;
			sourceTree = "<group>";
		};
		FCBD5FEC1AA0480F0091FC2A /* UIKit+AFNetworking */ = {
			isa = PBXGroup;
			children = (
				FCBD5FED1AA0480F0091FC2A /* AFNetworkActivityIndicatorManager.h */,
				FCBD5FEE1AA0480F0091FC2A /* AFNetworkActivityIndicatorManager.m */,
				FCBD5FEF1AA0480F0091FC2A /* UIActivityIndicatorView+AFNetworking.h */,
				FCBD5FF01AA0480F0091FC2A /* UIActivityIndicatorView+AFNetworking.m */,
				FCBD5FF11AA0480F0091FC2A /* UIAlertView+AFNetworking.h */,
				FCBD5FF21AA0480F0091FC2A /* UIAlertView+AFNetworking.m */,
				FCBD5FF31AA0480F0091FC2A /* UIButton+AFNetworking.h */,
				FCBD5FF41AA0480F0091FC2A /* UIButton+AFNetworking.m */,
				FCBD5FF51AA0480F0091FC2A /* UIImageView+AFNetworking.h */,
				FCBD5FF61AA0480F0091FC2A /* UIImageView+AFNetworking.m */,
				FCBD5FF71AA0480F0091FC2A /* UIKit+AFNetworking.h */,
				FCBD5FF81AA0480F0091FC2A /* UIProgressView+AFNetworking.h */,
				FCBD5FF91AA0480F0091FC2A /* UIProgressView+AFNetworking.m */,
				FCBD5FFA1AA0480F0091FC2A /* UIRefreshControl+AFNetworking.h */,
				FCBD5FFB1AA0480F0091FC2A /* UIRefreshControl+AFNetworking.m */,
				FCBD5FFC1AA0480F0091FC2A /* UIWebView+AFNetworking.h */,
				FCBD5FFD1AA0480F0091FC2A /* UIWebView+AFNetworking.m */,
			);
			path = "UIKit+AFNetworking";
			sourceTree = "<group>";
		};
		FCBD600F1AA048180091FC2A /* TYNetworking */ = {
			isa = PBXGroup;
			children = (
				FCBD60101AA048180091FC2A /* NSArray+TYAFNetworking.h */,
				FCBD60111AA048180091FC2A /* NSArray+TYAFNetworking.m */,
				FCBD60121AA048180091FC2A /* NSDictionary+TYAFNetworking.h */,
				FCBD60131AA048180091FC2A /* NSDictionary+TYAFNetworking.m */,
				FCBD60141AA048180091FC2A /* NSURLRequest+TYAFNetworking.h */,
				FCBD60151AA048180091FC2A /* NSURLRequest+TYAFNetworking.m */,
				FCBD60161AA048180091FC2A /* TYAFNetworkingConfig.h */,
				FCBD60171AA048180091FC2A /* TYAPIProxy.h */,
				FCBD60181AA048180091FC2A /* TYAPIProxy.m */,
				FCBD60191AA048180091FC2A /* TYRequestGenerator.h */,
				FCBD601A1AA048180091FC2A /* TYRequestGenerator.m */,
				FCBD601B1AA048180091FC2A /* TYSignatureGenerator.h */,
				FCBD601C1AA048180091FC2A /* TYSignatureGenerator.m */,
				FCBD601D1AA048180091FC2A /* TYURLResponse.h */,
				FCBD601E1AA048180091FC2A /* TYURLResponse.m */,
				FCBD60291AA1B9F50091FC2A /* Utils */,
			);
			path = TYNetworking;
			sourceTree = "<group>";
		};
		FCBD60291AA1B9F50091FC2A /* Utils */ = {
			isa = PBXGroup;
			children = (
				FC70AC441AA836740013364B /* XMLDictionary.h */,
				FC70AC451AA836740013364B /* XMLDictionary.m */,
				FC70AC3B1AA6C68F0013364B /* NSDictionary+Ext.h */,
				FC70AC3C1AA6C68F0013364B /* NSDictionary+Ext.m */,
				FCBD60311AA1BDCC0091FC2A /* NSString+Ext.h */,
				FCBD60321AA1BDCC0091FC2A /* NSString+Ext.m */,
				FCBD602A1AA1B9FE0091FC2A /* NSData+Ext.h */,
				FCBD602B1AA1B9FE0091FC2A /* NSData+Ext.m */,
				FCBD602C1AA1B9FE0091FC2A /* Security.c */,
				FCBD602D1AA1B9FE0091FC2A /* Security.h */,
				FCBD60301AA1BA550091FC2A /* NetworkingUtilsHeader.h */,
			);
			path = Utils;
			sourceTree = "<group>";
		};
/* End PBXGroup section */

/* Begin PBXNativeTarget section */
		B7351CC118EA8B0900338155 /* TestASI */ = {
			isa = PBXNativeTarget;
			buildConfigurationList = B7351CF418EA8B0900338155 /* Build configuration list for PBXNativeTarget "TestASI" */;
			buildPhases = (
				B7351CBE18EA8B0900338155 /* Sources */,
				B7351CBF18EA8B0900338155 /* Frameworks */,
				B7351CC018EA8B0900338155 /* Resources */,
			);
			buildRules = (
			);
			dependencies = (
			);
			name = TestASI;
			productName = TestASI;
			productReference = B7351CC218EA8B0900338155 /* TestASI.app */;
			productType = "com.apple.product-type.application";
		};
		B7351CE118EA8B0900338155 /* TestASITests */ = {
			isa = PBXNativeTarget;
			buildConfigurationList = B7351CF718EA8B0900338155 /* Build configuration list for PBXNativeTarget "TestASITests" */;
			buildPhases = (
				B7351CDE18EA8B0900338155 /* Sources */,
				B7351CDF18EA8B0900338155 /* Frameworks */,
				B7351CE018EA8B0900338155 /* Resources */,
			);
			buildRules = (
			);
			dependencies = (
				B7351CE918EA8B0900338155 /* PBXTargetDependency */,
			);
			name = TestASITests;
			productName = TestASITests;
			productReference = B7351CE218EA8B0900338155 /* TestASITests.xctest */;
			productType = "com.apple.product-type.bundle.unit-test";
		};
/* End PBXNativeTarget section */

/* Begin PBXProject section */
		B7351CBA18EA8B0900338155 /* Project object */ = {
			isa = PBXProject;
			attributes = {
				LastUpgradeCheck = 0510;
				ORGANIZATIONNAME = anjuke;
				TargetAttributes = {
					B7351CE118EA8B0900338155 = {
						TestTargetID = B7351CC118EA8B0900338155;
					};
				};
			};
			buildConfigurationList = B7351CBD18EA8B0900338155 /* Build configuration list for PBXProject "TestASI" */;
			compatibilityVersion = "Xcode 3.2";
			developmentRegion = English;
			hasScannedForEncodings = 0;
			knownRegions = (
				en,
			);
			mainGroup = B7351CB918EA8B0900338155;
			productRefGroup = B7351CC318EA8B0900338155 /* Products */;
			projectDirPath = "";
			projectRoot = "";
			targets = (
				B7351CC118EA8B0900338155 /* TestASI */,
				B7351CE118EA8B0900338155 /* TestASITests */,
			);
		};
/* End PBXProject section */

/* Begin PBXResourcesBuildPhase section */
		B7351CC018EA8B0900338155 /* Resources */ = {
			isa = PBXResourcesBuildPhase;
			buildActionMask = 2147483647;
			files = (
				FC0F65671B05F72800AB6BCE /* ark_station_20150127.sqlite in Resources */,
				B765B8EA1907AFF400413AAB /* README in Resources */,
				B7351CD218EA8B0900338155 /* InfoPlist.strings in Resources */,
				FC100AED1AC5332F00737E3F /* point.png in Resources */,
				B7351CDD18EA8B0900338155 /* Images.xcassets in Resources */,
			);
			runOnlyForDeploymentPostprocessing = 0;
		};
		B7351CE018EA8B0900338155 /* Resources */ = {
			isa = PBXResourcesBuildPhase;
			buildActionMask = 2147483647;
			files = (
				B7351CEF18EA8B0900338155 /* InfoPlist.strings in Resources */,
			);
			runOnlyForDeploymentPostprocessing = 0;
		};
/* End PBXResourcesBuildPhase section */

/* Begin PBXSourcesBuildPhase section */
		B7351CBE18EA8B0900338155 /* Sources */ = {
			isa = PBXSourcesBuildPhase;
			buildActionMask = 2147483647;
			files = (
				FCBD600A1AA0480F0091FC2A /* UIButton+AFNetworking.m in Sources */,
				FC0F657A1B05FA3A00AB6BCE /* DBManager.m in Sources */,
				FCBD60041AA0480F0091FC2A /* AFSecurityPolicy.m in Sources */,
				B7351D2818EA9C9C00338155 /* RequestManager.m in Sources */,
				B765B8E819079DB600413AAB /* SampleRequestManager.m in Sources */,
				FCBD600C1AA0480F0091FC2A /* UIProgressView+AFNetworking.m in Sources */,
				FCBD60231AA048180091FC2A /* TYRequestGenerator.m in Sources */,
				B7E4E5081910954900077D77 /* BrokerResponder.m in Sources */,
				FCBD60201AA048180091FC2A /* NSDictionary+TYAFNetworking.m in Sources */,
				FCBD60061AA0480F0091FC2A /* AFURLResponseSerialization.m in Sources */,
				FCBD60331AA1BDCC0091FC2A /* NSString+Ext.m in Sources */,
				FCBD60221AA048180091FC2A /* TYAPIProxy.m in Sources */,
				FCBD601F1AA048180091FC2A /* NSArray+TYAFNetworking.m in Sources */,
				FCBD600D1AA0480F0091FC2A /* UIRefreshControl+AFNetworking.m in Sources */,
				B7351D1218EA8B1800338155 /* ASIDataCompressor.m in Sources */,
				FC70AC461AA836740013364B /* XMLDictionary.m in Sources */,
				B7351CD818EA8B0900338155 /* AppDelegate.m in Sources */,
				2422DFA81AB47A06007A50D4 /* TicketObject.m in Sources */,
				FC100AEB1AC530DF00737E3F /* CTTrain12306VerificationCodeView.m in Sources */,
				B7351D1618EA8B1800338155 /* ASIHTTPRequest.m in Sources */,
				B7351D1118EA8B1800338155 /* ASIAuthenticationDialog.m in Sources */,
				B7351D1518EA8B1800338155 /* ASIFormDataRequest.m in Sources */,
				FC70AC3D1AA6C68F0013364B /* NSDictionary+Ext.m in Sources */,
				B765B8DC19066E0800413AAB /* NSObject+NSJSONSerialization.m in Sources */,
				FCBD60071AA0480F0091FC2A /* AFNetworkActivityIndicatorManager.m in Sources */,
				FCBD602F1AA1B9FE0091FC2A /* Security.c in Sources */,
				FCBD60241AA048180091FC2A /* TYSignatureGenerator.m in Sources */,
				B7E4E5091910954900077D77 /* IMGDowloaderManager.m in Sources */,
				2422DFA41AB41971007A50D4 /* RobTicketViewController.m in Sources */,
				FCBD5FFE1AA0480F0091FC2A /* AFHTTPRequestOperation.m in Sources */,
				FCBD60021AA0480F0091FC2A /* AFURLSessionManager.m in Sources */,
				FCBD60091AA0480F0091FC2A /* UIAlertView+AFNetworking.m in Sources */,
				FC0F65731B05FA0C00AB6BCE /* FMDatabase.m in Sources */,
				B765B8D919066D6800413AAB /* NSString+MD5Addition.m in Sources */,
				FC0F65751B05FA0C00AB6BCE /* FMDatabasePool.m in Sources */,
				FCBD60011AA0480F0091FC2A /* AFHTTPSessionManager.m in Sources */,
				B7351CD418EA8B0900338155 /* main.m in Sources */,
				B7351D2318EA904700338155 /* ReachabilityManager.m in Sources */,
				FCBD5FFF1AA0480F0091FC2A /* AFHTTPRequestOperationManager.m in Sources */,
				B7351D1718EA8B1800338155 /* ASIInputStream.m in Sources */,
				FCBD60051AA0480F0091FC2A /* AFURLRequestSerialization.m in Sources */,
				FCBD60001AA0480F0091FC2A /* AFURLConnectionOperation.m in Sources */,
				FCBD60031AA0480F0091FC2A /* AFNetworkReachabilityManager.m in Sources */,
				FCBD600B1AA0480F0091FC2A /* UIImageView+AFNetworking.m in Sources */,
				FCBD60281AA049980091FC2A /* Login12306ViewController.m in Sources */,
				24D826711AB2D48400121316 /* QueryTicketViewController.m in Sources */,
				B7351CDB18EA8B0900338155 /* TestASI.xcdatamodeld in Sources */,
				FC0F65761B05FA0C00AB6BCE /* FMDatabaseQueue.m in Sources */,
				B7351D1818EA8B1800338155 /* ASINetworkQueue.m in Sources */,
				B7351D1318EA8B1800338155 /* ASIDataDecompressor.m in Sources */,
				FCBD60211AA048180091FC2A /* NSURLRequest+TYAFNetworking.m in Sources */,
				B7E4E50A1910954900077D77 /* IMGDownloaderOperation.m in Sources */,
				FCBD602E1AA1B9FE0091FC2A /* NSData+Ext.m in Sources */,
				B7351D2018EA8DB100338155 /* RootViewController.m in Sources */,
				FCBD600E1AA0480F0091FC2A /* UIWebView+AFNetworking.m in Sources */,
				FC0F65771B05FA0C00AB6BCE /* FMResultSet.m in Sources */,
				B7351D1918EA8B1800338155 /* Reachability.m in Sources */,
				FC0F65741B05FA0C00AB6BCE /* FMDatabaseAdditions.m in Sources */,
				FCBD60081AA0480F0091FC2A /* UIActivityIndicatorView+AFNetworking.m in Sources */,
				FCBD60251AA048180091FC2A /* TYURLResponse.m in Sources */,
				B7351D1418EA8B1800338155 /* ASIDownloadCache.m in Sources */,
			);
			runOnlyForDeploymentPostprocessing = 0;
		};
		B7351CDE18EA8B0900338155 /* Sources */ = {
			isa = PBXSourcesBuildPhase;
			buildActionMask = 2147483647;
			files = (
				B7351CF118EA8B0900338155 /* TestASITests.m in Sources */,
			);
			runOnlyForDeploymentPostprocessing = 0;
		};
/* End PBXSourcesBuildPhase section */

/* Begin PBXTargetDependency section */
		B7351CE918EA8B0900338155 /* PBXTargetDependency */ = {
			isa = PBXTargetDependency;
			target = B7351CC118EA8B0900338155 /* TestASI */;
			targetProxy = B7351CE818EA8B0900338155 /* PBXContainerItemProxy */;
		};
/* End PBXTargetDependency section */

/* Begin PBXVariantGroup section */
		B7351CD018EA8B0900338155 /* InfoPlist.strings */ = {
			isa = PBXVariantGroup;
			children = (
				B7351CD118EA8B0900338155 /* en */,
			);
			name = InfoPlist.strings;
			sourceTree = "<group>";
		};
		B7351CED18EA8B0900338155 /* InfoPlist.strings */ = {
			isa = PBXVariantGroup;
			children = (
				B7351CEE18EA8B0900338155 /* en */,
			);
			name = InfoPlist.strings;
			sourceTree = "<group>";
		};
/* End PBXVariantGroup section */

/* Begin XCBuildConfiguration section */
		B7351CF218EA8B0900338155 /* Debug */ = {
			isa = XCBuildConfiguration;
			buildSettings = {
				ALWAYS_SEARCH_USER_PATHS = NO;
				CLANG_CXX_LANGUAGE_STANDARD = "gnu++0x";
				CLANG_CXX_LIBRARY = "libc++";
				CLANG_ENABLE_MODULES = YES;
				CLANG_ENABLE_OBJC_ARC = YES;
				CLANG_WARN_BOOL_CONVERSION = YES;
				CLANG_WARN_CONSTANT_CONVERSION = YES;
				CLANG_WARN_DIRECT_OBJC_ISA_USAGE = YES_ERROR;
				CLANG_WARN_EMPTY_BODY = YES;
				CLANG_WARN_ENUM_CONVERSION = YES;
				CLANG_WARN_INT_CONVERSION = YES;
				CLANG_WARN_OBJC_ROOT_CLASS = YES_ERROR;
				CLANG_WARN__DUPLICATE_METHOD_MATCH = YES;
				"CODE_SIGN_IDENTITY[sdk=iphoneos*]" = "iPhone Developer";
				COPY_PHASE_STRIP = NO;
				GCC_C_LANGUAGE_STANDARD = gnu99;
				GCC_DYNAMIC_NO_PIC = NO;
				GCC_OPTIMIZATION_LEVEL = 0;
				GCC_PREPROCESSOR_DEFINITIONS = (
					"DEBUG=1",
					"$(inherited)",
				);
				GCC_SYMBOLS_PRIVATE_EXTERN = NO;
				GCC_WARN_64_TO_32_BIT_CONVERSION = YES;
				GCC_WARN_ABOUT_RETURN_TYPE = YES_ERROR;
				GCC_WARN_UNDECLARED_SELECTOR = YES;
				GCC_WARN_UNINITIALIZED_AUTOS = YES_AGGRESSIVE;
				GCC_WARN_UNUSED_FUNCTION = YES;
				GCC_WARN_UNUSED_VARIABLE = YES;
				IPHONEOS_DEPLOYMENT_TARGET = 7.1;
				ONLY_ACTIVE_ARCH = YES;
				SDKROOT = iphoneos;
				TARGETED_DEVICE_FAMILY = "1,2";
			};
			name = Debug;
		};
		B7351CF318EA8B0900338155 /* Release */ = {
			isa = XCBuildConfiguration;
			buildSettings = {
				ALWAYS_SEARCH_USER_PATHS = NO;
				CLANG_CXX_LANGUAGE_STANDARD = "gnu++0x";
				CLANG_CXX_LIBRARY = "libc++";
				CLANG_ENABLE_MODULES = YES;
				CLANG_ENABLE_OBJC_ARC = YES;
				CLANG_WARN_BOOL_CONVERSION = YES;
				CLANG_WARN_CONSTANT_CONVERSION = YES;
				CLANG_WARN_DIRECT_OBJC_ISA_USAGE = YES_ERROR;
				CLANG_WARN_EMPTY_BODY = YES;
				CLANG_WARN_ENUM_CONVERSION = YES;
				CLANG_WARN_INT_CONVERSION = YES;
				CLANG_WARN_OBJC_ROOT_CLASS = YES_ERROR;
				CLANG_WARN__DUPLICATE_METHOD_MATCH = YES;
				"CODE_SIGN_IDENTITY[sdk=iphoneos*]" = "iPhone Developer";
				COPY_PHASE_STRIP = YES;
				ENABLE_NS_ASSERTIONS = NO;
				GCC_C_LANGUAGE_STANDARD = gnu99;
				GCC_WARN_64_TO_32_BIT_CONVERSION = YES;
				GCC_WARN_ABOUT_RETURN_TYPE = YES_ERROR;
				GCC_WARN_UNDECLARED_SELECTOR = YES;
				GCC_WARN_UNINITIALIZED_AUTOS = YES_AGGRESSIVE;
				GCC_WARN_UNUSED_FUNCTION = YES;
				GCC_WARN_UNUSED_VARIABLE = YES;
				IPHONEOS_DEPLOYMENT_TARGET = 7.1;
				SDKROOT = iphoneos;
				TARGETED_DEVICE_FAMILY = "1,2";
				VALIDATE_PRODUCT = YES;
			};
			name = Release;
		};
		B7351CF518EA8B0900338155 /* Debug */ = {
			isa = XCBuildConfiguration;
			buildSettings = {
				ASSETCATALOG_COMPILER_APPICON_NAME = AppIcon;
				ASSETCATALOG_COMPILER_LAUNCHIMAGE_NAME = LaunchImage;
				GCC_PRECOMPILE_PREFIX_HEADER = YES;
				GCC_PREFIX_HEADER = "TestASI/TestASI-Prefix.pch";
				INFOPLIST_FILE = "TestASI/TestASI-Info.plist";
				IPHONEOS_DEPLOYMENT_TARGET = 5.0;
				PRODUCT_NAME = "$(TARGET_NAME)";
				WRAPPER_EXTENSION = app;
			};
			name = Debug;
		};
		B7351CF618EA8B0900338155 /* Release */ = {
			isa = XCBuildConfiguration;
			buildSettings = {
				ASSETCATALOG_COMPILER_APPICON_NAME = AppIcon;
				ASSETCATALOG_COMPILER_LAUNCHIMAGE_NAME = LaunchImage;
				GCC_PRECOMPILE_PREFIX_HEADER = YES;
				GCC_PREFIX_HEADER = "TestASI/TestASI-Prefix.pch";
				INFOPLIST_FILE = "TestASI/TestASI-Info.plist";
				IPHONEOS_DEPLOYMENT_TARGET = 5.0;
				PRODUCT_NAME = "$(TARGET_NAME)";
				WRAPPER_EXTENSION = app;
			};
			name = Release;
		};
		B7351CF818EA8B0900338155 /* Debug */ = {
			isa = XCBuildConfiguration;
			buildSettings = {
				BUNDLE_LOADER = "$(BUILT_PRODUCTS_DIR)/TestASI.app/TestASI";
				FRAMEWORK_SEARCH_PATHS = (
					"$(SDKROOT)/Developer/Library/Frameworks",
					"$(inherited)",
					"$(DEVELOPER_FRAMEWORKS_DIR)",
				);
				GCC_PRECOMPILE_PREFIX_HEADER = YES;
				GCC_PREFIX_HEADER = "TestASI/TestASI-Prefix.pch";
				GCC_PREPROCESSOR_DEFINITIONS = (
					"DEBUG=1",
					"$(inherited)",
				);
				INFOPLIST_FILE = "TestASITests/TestASITests-Info.plist";
				PRODUCT_NAME = "$(TARGET_NAME)";
				TEST_HOST = "$(BUNDLE_LOADER)";
				WRAPPER_EXTENSION = xctest;
			};
			name = Debug;
		};
		B7351CF918EA8B0900338155 /* Release */ = {
			isa = XCBuildConfiguration;
			buildSettings = {
				BUNDLE_LOADER = "$(BUILT_PRODUCTS_DIR)/TestASI.app/TestASI";
				FRAMEWORK_SEARCH_PATHS = (
					"$(SDKROOT)/Developer/Library/Frameworks",
					"$(inherited)",
					"$(DEVELOPER_FRAMEWORKS_DIR)",
				);
				GCC_PRECOMPILE_PREFIX_HEADER = YES;
				GCC_PREFIX_HEADER = "TestASI/TestASI-Prefix.pch";
				INFOPLIST_FILE = "TestASITests/TestASITests-Info.plist";
				PRODUCT_NAME = "$(TARGET_NAME)";
				TEST_HOST = "$(BUNDLE_LOADER)";
				WRAPPER_EXTENSION = xctest;
			};
			name = Release;
		};
/* End XCBuildConfiguration section */

/* Begin XCConfigurationList section */
		B7351CBD18EA8B0900338155 /* Build configuration list for PBXProject "TestASI" */ = {
			isa = XCConfigurationList;
			buildConfigurations = (
				B7351CF218EA8B0900338155 /* Debug */,
				B7351CF318EA8B0900338155 /* Release */,
			);
			defaultConfigurationIsVisible = 0;
			defaultConfigurationName = Release;
		};
		B7351CF418EA8B0900338155 /* Build configuration list for PBXNativeTarget "TestASI" */ = {
			isa = XCConfigurationList;
			buildConfigurations = (
				B7351CF518EA8B0900338155 /* Debug */,
				B7351CF618EA8B0900338155 /* Release */,
			);
			defaultConfigurationIsVisible = 0;
			defaultConfigurationName = Release;
		};
		B7351CF718EA8B0900338155 /* Build configuration list for PBXNativeTarget "TestASITests" */ = {
			isa = XCConfigurationList;
			buildConfigurations = (
				B7351CF818EA8B0900338155 /* Debug */,
				B7351CF918EA8B0900338155 /* Release */,
			);
			defaultConfigurationIsVisible = 0;
			defaultConfigurationName = Release;
		};
/* End XCConfigurationList section */

/* Begin XCVersionGroup section */
		B7351CD918EA8B0900338155 /* TestASI.xcdatamodeld */ = {
			isa = XCVersionGroup;
			children = (
				B7351CDA18EA8B0900338155 /* TestASI.xcdatamodel */,
			);
			currentVersion = B7351CDA18EA8B0900338155 /* TestASI.xcdatamodel */;
			path = TestASI.xcdatamodeld;
			sourceTree = "<group>";
			versionGroupType = wrapper.xcdatamodel;
		};
/* End XCVersionGroup section */
	};
	rootObject = B7351CBA18EA8B0900338155 /* Project object */;
}
